
Microsoft Visual Studio Solution File, Format Version 12.00
# Visual Studio Version 17
VisualStudioVersion = 17.8.34330.188
MinimumVisualStudioVersion = 10.0.40219.1
Project("{2150E333-8FDC-42A3-9474-1A3956D46DE8}") = "src", "src", "{3D4C7FEF-3BD5-456F-A019-1CEE08EC56AD}"
EndProject
Project("{2150E333-8FDC-42A3-9474-1A3956D46DE8}") = "Solution Items", "Solution Items", "{141603BE-696F-4554-9911-374A5DF079D2}"
	ProjectSection(SolutionItems) = preProject
		ServiceUrls.txt = ServiceUrls.txt
	EndProjectSection
EndProject
Project("{2150E333-8FDC-42A3-9474-1A3956D46DE8}") = "ApiGateways", "ApiGateways", "{01620B88-EE0C-47BA-B27F-47F3C5949FA1}"
EndProject
Project("{2150E333-8FDC-42A3-9474-1A3956D46DE8}") = "BuildingBlocks", "BuildingBlocks", "{DD837BCB-392C-4CB3-81C9-3DE8C544F1C0}"
EndProject
Project("{2150E333-8FDC-42A3-9474-1A3956D46DE8}") = "Services", "Services", "{B03A7323-167C-4A56-9D93-3245AF855D9E}"
EndProject
Project("{2150E333-8FDC-42A3-9474-1A3956D46DE8}") = "Clients", "Clients", "{4F8FE7E9-7D19-4AD3-B33A-E78A05EACE0B}"
EndProject
Project("{2150E333-8FDC-42A3-9474-1A3956D46DE8}") = "WebApiGateway", "WebApiGateway", "{0C203312-30BF-4F53-80ED-2B229D0652D7}"
EndProject
Project("{9A19103F-16F7-4668-BE54-9A1E7A4F7556}") = "Web.ApiGateway", "src\ApiGateways\WebApiGateway\Web.ApiGateway\Web.ApiGateway.csproj", "{5BBCB2C6-B02E-41CA-9108-6632FDAA1EAD}"
EndProject
Project("{2150E333-8FDC-42A3-9474-1A3956D46DE8}") = "EventBus", "EventBus", "{F6A7B7FE-DA50-4AF2-B92B-B4F0D0275E7E}"
EndProject
Project("{9A19103F-16F7-4668-BE54-9A1E7A4F7556}") = "EventBus.Base", "src\BuildingBlocks\EventBus\EventBus.Base\EventBus.Base.csproj", "{2601EACE-5C26-47A1-BF66-3E842A61BF60}"
EndProject
Project("{9A19103F-16F7-4668-BE54-9A1E7A4F7556}") = "EventBus.Factory", "src\BuildingBlocks\EventBus\EventBus.Factory\EventBus.Factory.csproj", "{6B4C983D-521E-4D58-AE0B-55E979343239}"
EndProject
Project("{9A19103F-16F7-4668-BE54-9A1E7A4F7556}") = "EventBus.RabbitMQ", "src\BuildingBlocks\EventBus\EventBus.RabbitMQ\EventBus.RabbitMQ.csproj", "{2ADA3E86-5A7C-4C2C-B55B-6036D377DC61}"
EndProject
Project("{2150E333-8FDC-42A3-9474-1A3956D46DE8}") = "BlazorWebApp", "BlazorWebApp", "{DC153A15-24C1-4C23-8F30-5C28E6194AAB}"
EndProject
Project("{9A19103F-16F7-4668-BE54-9A1E7A4F7556}") = "WebApp", "src\Clients\BlazorWebApp\WebApp\WebApp.csproj", "{FE254F09-3EB3-417E-9ED6-7D16DCE17C15}"
EndProject
Project("{2150E333-8FDC-42A3-9474-1A3956D46DE8}") = "BasketService", "BasketService", "{93088A80-057C-4F2F-9F1A-5F63CC2FBE2B}"
EndProject
Project("{9A19103F-16F7-4668-BE54-9A1E7A4F7556}") = "BasketService.Api", "src\Services\BasketService\BasketService.Api\BasketService.Api.csproj", "{6FF8185B-90A9-4F46-AC0C-434F3FF0F6AD}"
EndProject
Project("{2150E333-8FDC-42A3-9474-1A3956D46DE8}") = "CatalogService", "CatalogService", "{188FA6B6-FCE4-43F1-AB29-855991108E60}"
EndProject
Project("{2150E333-8FDC-42A3-9474-1A3956D46DE8}") = "IdentityService", "IdentityService", "{4A4285FD-64B9-4AD6-B689-CFBDF3175684}"
EndProject
Project("{2150E333-8FDC-42A3-9474-1A3956D46DE8}") = "NotificationService", "NotificationService", "{083DF16E-2AC7-4D29-87AB-B180A420D64D}"
EndProject
Project("{2150E333-8FDC-42A3-9474-1A3956D46DE8}") = "OrderService", "OrderService", "{D1AEDEA1-666F-48F4-9AD6-DFD1195C55F8}"
EndProject
Project("{2150E333-8FDC-42A3-9474-1A3956D46DE8}") = "PaymentService", "PaymentService", "{25E7646B-61D5-4C96-86EA-F1F8C36562F1}"
EndProject
Project("{2150E333-8FDC-42A3-9474-1A3956D46DE8}") = "Core", "Core", "{ABD30D13-CB41-4609-859D-994408FE4905}"
EndProject
Project("{9A19103F-16F7-4668-BE54-9A1E7A4F7556}") = "NotificationService.Application", "src\Services\NotificationService\Core\NotificationService.Application\NotificationService.Application.csproj", "{AFBB33C7-9105-4387-9B7B-FFE48AE86A68}"
EndProject
Project("{2150E333-8FDC-42A3-9474-1A3956D46DE8}") = "Infrastructure", "Infrastructure", "{E54C79E1-AF30-4036-A6D8-09A07F8EB177}"
EndProject
Project("{9A19103F-16F7-4668-BE54-9A1E7A4F7556}") = "NotificationService.Infrastructure", "src\Services\NotificationService\Infrastructure\NotificationService.Infrastructure\NotificationService.Infrastructure.csproj", "{8EF78200-E390-41AD-8C78-3E951F7549B5}"
EndProject
Project("{2150E333-8FDC-42A3-9474-1A3956D46DE8}") = "Presentation", "Presentation", "{9D38F870-5615-46C0-845A-3D9452EA2E26}"
EndProject
Project("{9A19103F-16F7-4668-BE54-9A1E7A4F7556}") = "NotificationService.ConsoleApp", "src\Services\NotificationService\Presentation\NotificationService.ConsoleApp\NotificationService.ConsoleApp.csproj", "{6CBB91F1-42D4-4F0A-921B-F18CD69A7308}"
EndProject
Project("{2150E333-8FDC-42A3-9474-1A3956D46DE8}") = "Presentation", "Presentation", "{F598E601-ADA5-4689-AB08-764DF3E9723B}"
EndProject
Project("{9A19103F-16F7-4668-BE54-9A1E7A4F7556}") = "OrderService.Api", "src\Services\OrderService\Presentation\OrderService.Api\OrderService.Api.csproj", "{0ED86FC3-CA1C-4DDC-B8EE-E40B78514E31}"
EndProject
Project("{2150E333-8FDC-42A3-9474-1A3956D46DE8}") = "Core", "Core", "{08F06558-01B0-4D2C-87D4-9EDFBE054755}"
EndProject
Project("{9A19103F-16F7-4668-BE54-9A1E7A4F7556}") = "OrderService.Application", "src\Services\OrderService\Core\OrderService.Application\OrderService.Application.csproj", "{CAF92542-C652-434A-BE56-D340BC26D317}"
EndProject
Project("{9A19103F-16F7-4668-BE54-9A1E7A4F7556}") = "OrderService.Domain", "src\Services\OrderService\Core\OrderService.Domain\OrderService.Domain.csproj", "{B3C410E2-06E1-471C-91A0-29647A8F8B2E}"
EndProject
Project("{2150E333-8FDC-42A3-9474-1A3956D46DE8}") = "Infrastructure", "Infrastructure", "{38CBBE06-48AA-4DCA-8878-6EC40B057E3E}"
EndProject
Project("{9A19103F-16F7-4668-BE54-9A1E7A4F7556}") = "OrderService.Infrastructure", "src\Services\OrderService\Infrastructure\OrderService.Infrastructure\OrderService.Infrastructure.csproj", "{889372AC-3C83-4141-9900-5710907633D8}"
EndProject
Project("{2150E333-8FDC-42A3-9474-1A3956D46DE8}") = "tests", "tests", "{63AD5524-5534-4688-827B-EE7CE47039D8}"
EndProject
Project("{2150E333-8FDC-42A3-9474-1A3956D46DE8}") = "BuildingBlocks", "BuildingBlocks", "{17DC5924-1367-42B8-A77B-1DAF05CBB282}"
EndProject
Project("{9A19103F-16F7-4668-BE54-9A1E7A4F7556}") = "EventBus.UnitTest", "tests\BuildingBlocks\EventBus.UnitTest\EventBus.UnitTest.csproj", "{335C8837-4CF9-4ED0-B7EE-ECD10B5D904E}"
EndProject
Project("{2150E333-8FDC-42A3-9474-1A3956D46DE8}") = "Core", "Core", "{3FFDC300-0D34-4759-AD89-4660E49F42B8}"
EndProject
Project("{9A19103F-16F7-4668-BE54-9A1E7A4F7556}") = "CatalogService.Application", "src\Services\CatalogService\Core\CatalogService.Application\CatalogService.Application.csproj", "{7099C437-DC21-4277-9966-C7F6A14B2A90}"
EndProject
Project("{9A19103F-16F7-4668-BE54-9A1E7A4F7556}") = "CatalogService.Domain", "src\Services\CatalogService\Core\CatalogService.Domain\CatalogService.Domain.csproj", "{54143D18-38BA-4D5C-8600-FE9035208C96}"
EndProject
Project("{9A19103F-16F7-4668-BE54-9A1E7A4F7556}") = "CatalogService.Mapper", "src\Services\CatalogService\Core\CatalogService.Mapper\CatalogService.Mapper.csproj", "{629B26A2-E4F9-4E27-8B09-2AD5B609D5EB}"
EndProject
Project("{2150E333-8FDC-42A3-9474-1A3956D46DE8}") = "Infrastructure", "Infrastructure", "{585BC216-0ECC-4CBB-874A-3144490B0B2A}"
EndProject
Project("{9A19103F-16F7-4668-BE54-9A1E7A4F7556}") = "CatalogService.Infrastructure", "src\Services\CatalogService\Infrastructure\CatalogService.Infrastructure\CatalogService.Infrastructure.csproj", "{29FF71E9-CEEA-49F3-BB1E-105A061C3FBF}"
EndProject
Project("{9A19103F-16F7-4668-BE54-9A1E7A4F7556}") = "CatalogService.Persistence", "src\Services\CatalogService\Infrastructure\CatalogService.Persistence\CatalogService.Persistence.csproj", "{4E50EE80-C279-4107-9BEA-2E45C4364AFA}"
EndProject
Project("{2150E333-8FDC-42A3-9474-1A3956D46DE8}") = "Presentation", "Presentation", "{32A9796B-ECDD-4401-8D4D-D9DEA78F3D2D}"
EndProject
Project("{9A19103F-16F7-4668-BE54-9A1E7A4F7556}") = "CatalogService.Api", "src\Services\CatalogService\Presentation\CatalogService.Api\CatalogService.Api.csproj", "{8F0E0FFF-BE6E-4DE5-8021-FA4590E0A005}"
EndProject
Project("{9A19103F-16F7-4668-BE54-9A1E7A4F7556}") = "PaymentService.Api", "src\Services\PaymentService\PaymentService.Api\PaymentService.Api.csproj", "{CAF01CA6-CD06-4A02-A7B3-00D9E6482F04}"
EndProject
Project("{2150E333-8FDC-42A3-9474-1A3956D46DE8}") = "Core", "Core", "{53B65D43-07C6-4181-AC21-36351C240ADD}"
EndProject
Project("{FAE04EC0-301F-11D3-BF4B-00C04F79EFBC}") = "IdentityService.Application", "src\Services\IdentityService\Core\IdentityService.Application\IdentityService.Application.csproj", "{161BFAC1-A1C0-4171-935F-C88428F0DFF9}"
EndProject
Project("{FAE04EC0-301F-11D3-BF4B-00C04F79EFBC}") = "IdentityService.Domain", "src\Services\IdentityService\Core\IdentityService.Domain\IdentityService.Domain.csproj", "{ADB4F84F-9D70-41BA-A367-DA62B8866932}"
EndProject
Project("{FAE04EC0-301F-11D3-BF4B-00C04F79EFBC}") = "IdentityService.Mapper", "src\Services\IdentityService\Core\IdentityService.Mapper\IdentityService.Mapper.csproj", "{C233E253-AAE6-450B-820D-C63C3BE055F7}"
EndProject
Project("{2150E333-8FDC-42A3-9474-1A3956D46DE8}") = "Infrastructure", "Infrastructure", "{C4DC0352-DF13-4CAF-9F48-8311C5245D23}"
EndProject
Project("{FAE04EC0-301F-11D3-BF4B-00C04F79EFBC}") = "IdentityService.Infrastructure", "src\Services\IdentityService\Infrastructure\IdentityService.Infrastructure\IdentityService.Infrastructure.csproj", "{F47D327D-E0C4-4414-82B6-53B11288E44D}"
EndProject
Project("{2150E333-8FDC-42A3-9474-1A3956D46DE8}") = "Presentation", "Presentation", "{D485ECFA-96BE-4888-B119-A4B73583A4C6}"
EndProject
Project("{FAE04EC0-301F-11D3-BF4B-00C04F79EFBC}") = "IdentityService.Api", "src\Services\IdentityService\Presentation\IdentityService.Api\IdentityService.Api.csproj", "{FB2E0F54-98CA-4AE7-ABFF-848EEDD573DB}"
EndProject
Project("{FAE04EC0-301F-11D3-BF4B-00C04F79EFBC}") = "IdentityService.Persistence", "src\Services\IdentityService\Infrastructure\IdentityService.Persistence\IdentityService.Persistence.csproj", "{5B94AF28-4E12-4292-87C6-F2820049B961}"
EndProject
Global
	GlobalSection(SolutionConfigurationPlatforms) = preSolution
		Debug|Any CPU = Debug|Any CPU
		Release|Any CPU = Release|Any CPU
	EndGlobalSection
	GlobalSection(ProjectConfigurationPlatforms) = postSolution
		{5BBCB2C6-B02E-41CA-9108-6632FDAA1EAD}.Debug|Any CPU.ActiveCfg = Debug|Any CPU
		{5BBCB2C6-B02E-41CA-9108-6632FDAA1EAD}.Debug|Any CPU.Build.0 = Debug|Any CPU
		{5BBCB2C6-B02E-41CA-9108-6632FDAA1EAD}.Release|Any CPU.ActiveCfg = Release|Any CPU
		{5BBCB2C6-B02E-41CA-9108-6632FDAA1EAD}.Release|Any CPU.Build.0 = Release|Any CPU
		{2601EACE-5C26-47A1-BF66-3E842A61BF60}.Debug|Any CPU.ActiveCfg = Debug|Any CPU
		{2601EACE-5C26-47A1-BF66-3E842A61BF60}.Debug|Any CPU.Build.0 = Debug|Any CPU
		{2601EACE-5C26-47A1-BF66-3E842A61BF60}.Release|Any CPU.ActiveCfg = Release|Any CPU
		{2601EACE-5C26-47A1-BF66-3E842A61BF60}.Release|Any CPU.Build.0 = Release|Any CPU
		{6B4C983D-521E-4D58-AE0B-55E979343239}.Debug|Any CPU.ActiveCfg = Debug|Any CPU
		{6B4C983D-521E-4D58-AE0B-55E979343239}.Debug|Any CPU.Build.0 = Debug|Any CPU
		{6B4C983D-521E-4D58-AE0B-55E979343239}.Release|Any CPU.ActiveCfg = Release|Any CPU
		{6B4C983D-521E-4D58-AE0B-55E979343239}.Release|Any CPU.Build.0 = Release|Any CPU
		{2ADA3E86-5A7C-4C2C-B55B-6036D377DC61}.Debug|Any CPU.ActiveCfg = Debug|Any CPU
		{2ADA3E86-5A7C-4C2C-B55B-6036D377DC61}.Debug|Any CPU.Build.0 = Debug|Any CPU
		{2ADA3E86-5A7C-4C2C-B55B-6036D377DC61}.Release|Any CPU.ActiveCfg = Release|Any CPU
		{2ADA3E86-5A7C-4C2C-B55B-6036D377DC61}.Release|Any CPU.Build.0 = Release|Any CPU
		{FE254F09-3EB3-417E-9ED6-7D16DCE17C15}.Debug|Any CPU.ActiveCfg = Debug|Any CPU
		{FE254F09-3EB3-417E-9ED6-7D16DCE17C15}.Debug|Any CPU.Build.0 = Debug|Any CPU
		{FE254F09-3EB3-417E-9ED6-7D16DCE17C15}.Release|Any CPU.ActiveCfg = Release|Any CPU
		{FE254F09-3EB3-417E-9ED6-7D16DCE17C15}.Release|Any CPU.Build.0 = Release|Any CPU
		{6FF8185B-90A9-4F46-AC0C-434F3FF0F6AD}.Debug|Any CPU.ActiveCfg = Debug|Any CPU
		{6FF8185B-90A9-4F46-AC0C-434F3FF0F6AD}.Debug|Any CPU.Build.0 = Debug|Any CPU
		{6FF8185B-90A9-4F46-AC0C-434F3FF0F6AD}.Release|Any CPU.ActiveCfg = Release|Any CPU
		{6FF8185B-90A9-4F46-AC0C-434F3FF0F6AD}.Release|Any CPU.Build.0 = Release|Any CPU
		{AFBB33C7-9105-4387-9B7B-FFE48AE86A68}.Debug|Any CPU.ActiveCfg = Debug|Any CPU
		{AFBB33C7-9105-4387-9B7B-FFE48AE86A68}.Debug|Any CPU.Build.0 = Debug|Any CPU
		{AFBB33C7-9105-4387-9B7B-FFE48AE86A68}.Release|Any CPU.ActiveCfg = Release|Any CPU
		{AFBB33C7-9105-4387-9B7B-FFE48AE86A68}.Release|Any CPU.Build.0 = Release|Any CPU
		{8EF78200-E390-41AD-8C78-3E951F7549B5}.Debug|Any CPU.ActiveCfg = Debug|Any CPU
		{8EF78200-E390-41AD-8C78-3E951F7549B5}.Debug|Any CPU.Build.0 = Debug|Any CPU
		{8EF78200-E390-41AD-8C78-3E951F7549B5}.Release|Any CPU.ActiveCfg = Release|Any CPU
		{8EF78200-E390-41AD-8C78-3E951F7549B5}.Release|Any CPU.Build.0 = Release|Any CPU
		{6CBB91F1-42D4-4F0A-921B-F18CD69A7308}.Debug|Any CPU.ActiveCfg = Debug|Any CPU
		{6CBB91F1-42D4-4F0A-921B-F18CD69A7308}.Debug|Any CPU.Build.0 = Debug|Any CPU
		{6CBB91F1-42D4-4F0A-921B-F18CD69A7308}.Release|Any CPU.ActiveCfg = Release|Any CPU
		{6CBB91F1-42D4-4F0A-921B-F18CD69A7308}.Release|Any CPU.Build.0 = Release|Any CPU
		{0ED86FC3-CA1C-4DDC-B8EE-E40B78514E31}.Debug|Any CPU.ActiveCfg = Debug|Any CPU
		{0ED86FC3-CA1C-4DDC-B8EE-E40B78514E31}.Debug|Any CPU.Build.0 = Debug|Any CPU
		{0ED86FC3-CA1C-4DDC-B8EE-E40B78514E31}.Release|Any CPU.ActiveCfg = Release|Any CPU
		{0ED86FC3-CA1C-4DDC-B8EE-E40B78514E31}.Release|Any CPU.Build.0 = Release|Any CPU
		{CAF92542-C652-434A-BE56-D340BC26D317}.Debug|Any CPU.ActiveCfg = Debug|Any CPU
		{CAF92542-C652-434A-BE56-D340BC26D317}.Debug|Any CPU.Build.0 = Debug|Any CPU
		{CAF92542-C652-434A-BE56-D340BC26D317}.Release|Any CPU.ActiveCfg = Release|Any CPU
		{CAF92542-C652-434A-BE56-D340BC26D317}.Release|Any CPU.Build.0 = Release|Any CPU
		{B3C410E2-06E1-471C-91A0-29647A8F8B2E}.Debug|Any CPU.ActiveCfg = Debug|Any CPU
		{B3C410E2-06E1-471C-91A0-29647A8F8B2E}.Debug|Any CPU.Build.0 = Debug|Any CPU
		{B3C410E2-06E1-471C-91A0-29647A8F8B2E}.Release|Any CPU.ActiveCfg = Release|Any CPU
		{B3C410E2-06E1-471C-91A0-29647A8F8B2E}.Release|Any CPU.Build.0 = Release|Any CPU
		{889372AC-3C83-4141-9900-5710907633D8}.Debug|Any CPU.ActiveCfg = Debug|Any CPU
		{889372AC-3C83-4141-9900-5710907633D8}.Debug|Any CPU.Build.0 = Debug|Any CPU
		{889372AC-3C83-4141-9900-5710907633D8}.Release|Any CPU.ActiveCfg = Release|Any CPU
		{889372AC-3C83-4141-9900-5710907633D8}.Release|Any CPU.Build.0 = Release|Any CPU
		{335C8837-4CF9-4ED0-B7EE-ECD10B5D904E}.Debug|Any CPU.ActiveCfg = Debug|Any CPU
		{335C8837-4CF9-4ED0-B7EE-ECD10B5D904E}.Debug|Any CPU.Build.0 = Debug|Any CPU
		{335C8837-4CF9-4ED0-B7EE-ECD10B5D904E}.Release|Any CPU.ActiveCfg = Release|Any CPU
		{335C8837-4CF9-4ED0-B7EE-ECD10B5D904E}.Release|Any CPU.Build.0 = Release|Any CPU
		{7099C437-DC21-4277-9966-C7F6A14B2A90}.Debug|Any CPU.ActiveCfg = Debug|Any CPU
		{7099C437-DC21-4277-9966-C7F6A14B2A90}.Debug|Any CPU.Build.0 = Debug|Any CPU
		{7099C437-DC21-4277-9966-C7F6A14B2A90}.Release|Any CPU.ActiveCfg = Release|Any CPU
		{7099C437-DC21-4277-9966-C7F6A14B2A90}.Release|Any CPU.Build.0 = Release|Any CPU
		{54143D18-38BA-4D5C-8600-FE9035208C96}.Debug|Any CPU.ActiveCfg = Debug|Any CPU
		{54143D18-38BA-4D5C-8600-FE9035208C96}.Debug|Any CPU.Build.0 = Debug|Any CPU
		{54143D18-38BA-4D5C-8600-FE9035208C96}.Release|Any CPU.ActiveCfg = Release|Any CPU
		{54143D18-38BA-4D5C-8600-FE9035208C96}.Release|Any CPU.Build.0 = Release|Any CPU
		{629B26A2-E4F9-4E27-8B09-2AD5B609D5EB}.Debug|Any CPU.ActiveCfg = Debug|Any CPU
		{629B26A2-E4F9-4E27-8B09-2AD5B609D5EB}.Debug|Any CPU.Build.0 = Debug|Any CPU
		{629B26A2-E4F9-4E27-8B09-2AD5B609D5EB}.Release|Any CPU.ActiveCfg = Release|Any CPU
		{629B26A2-E4F9-4E27-8B09-2AD5B609D5EB}.Release|Any CPU.Build.0 = Release|Any CPU
		{29FF71E9-CEEA-49F3-BB1E-105A061C3FBF}.Debug|Any CPU.ActiveCfg = Debug|Any CPU
		{29FF71E9-CEEA-49F3-BB1E-105A061C3FBF}.Debug|Any CPU.Build.0 = Debug|Any CPU
		{29FF71E9-CEEA-49F3-BB1E-105A061C3FBF}.Release|Any CPU.ActiveCfg = Release|Any CPU
		{29FF71E9-CEEA-49F3-BB1E-105A061C3FBF}.Release|Any CPU.Build.0 = Release|Any CPU
		{4E50EE80-C279-4107-9BEA-2E45C4364AFA}.Debug|Any CPU.ActiveCfg = Debug|Any CPU
		{4E50EE80-C279-4107-9BEA-2E45C4364AFA}.Debug|Any CPU.Build.0 = Debug|Any CPU
		{4E50EE80-C279-4107-9BEA-2E45C4364AFA}.Release|Any CPU.ActiveCfg = Release|Any CPU
		{4E50EE80-C279-4107-9BEA-2E45C4364AFA}.Release|Any CPU.Build.0 = Release|Any CPU
		{8F0E0FFF-BE6E-4DE5-8021-FA4590E0A005}.Debug|Any CPU.ActiveCfg = Debug|Any CPU
		{8F0E0FFF-BE6E-4DE5-8021-FA4590E0A005}.Debug|Any CPU.Build.0 = Debug|Any CPU
		{8F0E0FFF-BE6E-4DE5-8021-FA4590E0A005}.Release|Any CPU.ActiveCfg = Release|Any CPU
		{8F0E0FFF-BE6E-4DE5-8021-FA4590E0A005}.Release|Any CPU.Build.0 = Release|Any CPU
		{CAF01CA6-CD06-4A02-A7B3-00D9E6482F04}.Debug|Any CPU.ActiveCfg = Debug|Any CPU
		{CAF01CA6-CD06-4A02-A7B3-00D9E6482F04}.Debug|Any CPU.Build.0 = Debug|Any CPU
		{CAF01CA6-CD06-4A02-A7B3-00D9E6482F04}.Release|Any CPU.ActiveCfg = Release|Any CPU
		{CAF01CA6-CD06-4A02-A7B3-00D9E6482F04}.Release|Any CPU.Build.0 = Release|Any CPU
		{161BFAC1-A1C0-4171-935F-C88428F0DFF9}.Debug|Any CPU.ActiveCfg = Debug|Any CPU
		{161BFAC1-A1C0-4171-935F-C88428F0DFF9}.Debug|Any CPU.Build.0 = Debug|Any CPU
		{161BFAC1-A1C0-4171-935F-C88428F0DFF9}.Release|Any CPU.ActiveCfg = Release|Any CPU
		{161BFAC1-A1C0-4171-935F-C88428F0DFF9}.Release|Any CPU.Build.0 = Release|Any CPU
		{ADB4F84F-9D70-41BA-A367-DA62B8866932}.Debug|Any CPU.ActiveCfg = Debug|Any CPU
		{ADB4F84F-9D70-41BA-A367-DA62B8866932}.Debug|Any CPU.Build.0 = Debug|Any CPU
		{ADB4F84F-9D70-41BA-A367-DA62B8866932}.Release|Any CPU.ActiveCfg = Release|Any CPU
		{ADB4F84F-9D70-41BA-A367-DA62B8866932}.Release|Any CPU.Build.0 = Release|Any CPU
		{C233E253-AAE6-450B-820D-C63C3BE055F7}.Debug|Any CPU.ActiveCfg = Debug|Any CPU
		{C233E253-AAE6-450B-820D-C63C3BE055F7}.Debug|Any CPU.Build.0 = Debug|Any CPU
		{C233E253-AAE6-450B-820D-C63C3BE055F7}.Release|Any CPU.ActiveCfg = Release|Any CPU
		{C233E253-AAE6-450B-820D-C63C3BE055F7}.Release|Any CPU.Build.0 = Release|Any CPU
		{F47D327D-E0C4-4414-82B6-53B11288E44D}.Debug|Any CPU.ActiveCfg = Debug|Any CPU
		{F47D327D-E0C4-4414-82B6-53B11288E44D}.Debug|Any CPU.Build.0 = Debug|Any CPU
		{F47D327D-E0C4-4414-82B6-53B11288E44D}.Release|Any CPU.ActiveCfg = Release|Any CPU
		{F47D327D-E0C4-4414-82B6-53B11288E44D}.Release|Any CPU.Build.0 = Release|Any CPU
		{FB2E0F54-98CA-4AE7-ABFF-848EEDD573DB}.Debug|Any CPU.ActiveCfg = Debug|Any CPU
		{FB2E0F54-98CA-4AE7-ABFF-848EEDD573DB}.Debug|Any CPU.Build.0 = Debug|Any CPU
		{FB2E0F54-98CA-4AE7-ABFF-848EEDD573DB}.Release|Any CPU.ActiveCfg = Release|Any CPU
		{FB2E0F54-98CA-4AE7-ABFF-848EEDD573DB}.Release|Any CPU.Build.0 = Release|Any CPU
		{5B94AF28-4E12-4292-87C6-F2820049B961}.Debug|Any CPU.ActiveCfg = Debug|Any CPU
		{5B94AF28-4E12-4292-87C6-F2820049B961}.Debug|Any CPU.Build.0 = Debug|Any CPU
		{5B94AF28-4E12-4292-87C6-F2820049B961}.Release|Any CPU.ActiveCfg = Release|Any CPU
		{5B94AF28-4E12-4292-87C6-F2820049B961}.Release|Any CPU.Build.0 = Release|Any CPU
	EndGlobalSection
	GlobalSection(SolutionProperties) = preSolution
		HideSolutionNode = FALSE
	EndGlobalSection
	GlobalSection(NestedProjects) = preSolution
		{01620B88-EE0C-47BA-B27F-47F3C5949FA1} = {3D4C7FEF-3BD5-456F-A019-1CEE08EC56AD}
		{DD837BCB-392C-4CB3-81C9-3DE8C544F1C0} = {3D4C7FEF-3BD5-456F-A019-1CEE08EC56AD}
		{B03A7323-167C-4A56-9D93-3245AF855D9E} = {3D4C7FEF-3BD5-456F-A019-1CEE08EC56AD}
		{4F8FE7E9-7D19-4AD3-B33A-E78A05EACE0B} = {3D4C7FEF-3BD5-456F-A019-1CEE08EC56AD}
		{0C203312-30BF-4F53-80ED-2B229D0652D7} = {01620B88-EE0C-47BA-B27F-47F3C5949FA1}
		{5BBCB2C6-B02E-41CA-9108-6632FDAA1EAD} = {0C203312-30BF-4F53-80ED-2B229D0652D7}
		{F6A7B7FE-DA50-4AF2-B92B-B4F0D0275E7E} = {DD837BCB-392C-4CB3-81C9-3DE8C544F1C0}
		{2601EACE-5C26-47A1-BF66-3E842A61BF60} = {F6A7B7FE-DA50-4AF2-B92B-B4F0D0275E7E}
		{6B4C983D-521E-4D58-AE0B-55E979343239} = {F6A7B7FE-DA50-4AF2-B92B-B4F0D0275E7E}
		{2ADA3E86-5A7C-4C2C-B55B-6036D377DC61} = {F6A7B7FE-DA50-4AF2-B92B-B4F0D0275E7E}
		{DC153A15-24C1-4C23-8F30-5C28E6194AAB} = {4F8FE7E9-7D19-4AD3-B33A-E78A05EACE0B}
		{FE254F09-3EB3-417E-9ED6-7D16DCE17C15} = {DC153A15-24C1-4C23-8F30-5C28E6194AAB}
		{93088A80-057C-4F2F-9F1A-5F63CC2FBE2B} = {B03A7323-167C-4A56-9D93-3245AF855D9E}
		{6FF8185B-90A9-4F46-AC0C-434F3FF0F6AD} = {93088A80-057C-4F2F-9F1A-5F63CC2FBE2B}
		{188FA6B6-FCE4-43F1-AB29-855991108E60} = {B03A7323-167C-4A56-9D93-3245AF855D9E}
		{4A4285FD-64B9-4AD6-B689-CFBDF3175684} = {B03A7323-167C-4A56-9D93-3245AF855D9E}
		{083DF16E-2AC7-4D29-87AB-B180A420D64D} = {B03A7323-167C-4A56-9D93-3245AF855D9E}
		{D1AEDEA1-666F-48F4-9AD6-DFD1195C55F8} = {B03A7323-167C-4A56-9D93-3245AF855D9E}
		{25E7646B-61D5-4C96-86EA-F1F8C36562F1} = {B03A7323-167C-4A56-9D93-3245AF855D9E}
		{ABD30D13-CB41-4609-859D-994408FE4905} = {083DF16E-2AC7-4D29-87AB-B180A420D64D}
		{AFBB33C7-9105-4387-9B7B-FFE48AE86A68} = {ABD30D13-CB41-4609-859D-994408FE4905}
		{E54C79E1-AF30-4036-A6D8-09A07F8EB177} = {083DF16E-2AC7-4D29-87AB-B180A420D64D}
		{8EF78200-E390-41AD-8C78-3E951F7549B5} = {E54C79E1-AF30-4036-A6D8-09A07F8EB177}
		{9D38F870-5615-46C0-845A-3D9452EA2E26} = {083DF16E-2AC7-4D29-87AB-B180A420D64D}
		{6CBB91F1-42D4-4F0A-921B-F18CD69A7308} = {9D38F870-5615-46C0-845A-3D9452EA2E26}
		{F598E601-ADA5-4689-AB08-764DF3E9723B} = {D1AEDEA1-666F-48F4-9AD6-DFD1195C55F8}
		{0ED86FC3-CA1C-4DDC-B8EE-E40B78514E31} = {F598E601-ADA5-4689-AB08-764DF3E9723B}
		{08F06558-01B0-4D2C-87D4-9EDFBE054755} = {D1AEDEA1-666F-48F4-9AD6-DFD1195C55F8}
		{CAF92542-C652-434A-BE56-D340BC26D317} = {08F06558-01B0-4D2C-87D4-9EDFBE054755}
		{B3C410E2-06E1-471C-91A0-29647A8F8B2E} = {08F06558-01B0-4D2C-87D4-9EDFBE054755}
		{38CBBE06-48AA-4DCA-8878-6EC40B057E3E} = {D1AEDEA1-666F-48F4-9AD6-DFD1195C55F8}
		{889372AC-3C83-4141-9900-5710907633D8} = {38CBBE06-48AA-4DCA-8878-6EC40B057E3E}
		{17DC5924-1367-42B8-A77B-1DAF05CBB282} = {63AD5524-5534-4688-827B-EE7CE47039D8}
		{335C8837-4CF9-4ED0-B7EE-ECD10B5D904E} = {17DC5924-1367-42B8-A77B-1DAF05CBB282}
		{3FFDC300-0D34-4759-AD89-4660E49F42B8} = {188FA6B6-FCE4-43F1-AB29-855991108E60}
		{7099C437-DC21-4277-9966-C7F6A14B2A90} = {3FFDC300-0D34-4759-AD89-4660E49F42B8}
		{54143D18-38BA-4D5C-8600-FE9035208C96} = {3FFDC300-0D34-4759-AD89-4660E49F42B8}
		{629B26A2-E4F9-4E27-8B09-2AD5B609D5EB} = {3FFDC300-0D34-4759-AD89-4660E49F42B8}
		{585BC216-0ECC-4CBB-874A-3144490B0B2A} = {188FA6B6-FCE4-43F1-AB29-855991108E60}
		{29FF71E9-CEEA-49F3-BB1E-105A061C3FBF} = {585BC216-0ECC-4CBB-874A-3144490B0B2A}
		{4E50EE80-C279-4107-9BEA-2E45C4364AFA} = {585BC216-0ECC-4CBB-874A-3144490B0B2A}
		{32A9796B-ECDD-4401-8D4D-D9DEA78F3D2D} = {188FA6B6-FCE4-43F1-AB29-855991108E60}
		{8F0E0FFF-BE6E-4DE5-8021-FA4590E0A005} = {32A9796B-ECDD-4401-8D4D-D9DEA78F3D2D}
		{CAF01CA6-CD06-4A02-A7B3-00D9E6482F04} = {25E7646B-61D5-4C96-86EA-F1F8C36562F1}
		{53B65D43-07C6-4181-AC21-36351C240ADD} = {4A4285FD-64B9-4AD6-B689-CFBDF3175684}
		{161BFAC1-A1C0-4171-935F-C88428F0DFF9} = {53B65D43-07C6-4181-AC21-36351C240ADD}
		{ADB4F84F-9D70-41BA-A367-DA62B8866932} = {53B65D43-07C6-4181-AC21-36351C240ADD}
		{C233E253-AAE6-450B-820D-C63C3BE055F7} = {53B65D43-07C6-4181-AC21-36351C240ADD}
		{C4DC0352-DF13-4CAF-9F48-8311C5245D23} = {4A4285FD-64B9-4AD6-B689-CFBDF3175684}
		{F47D327D-E0C4-4414-82B6-53B11288E44D} = {C4DC0352-DF13-4CAF-9F48-8311C5245D23}
		{D485ECFA-96BE-4888-B119-A4B73583A4C6} = {4A4285FD-64B9-4AD6-B689-CFBDF3175684}
		{FB2E0F54-98CA-4AE7-ABFF-848EEDD573DB} = {D485ECFA-96BE-4888-B119-A4B73583A4C6}
		{5B94AF28-4E12-4292-87C6-F2820049B961} = {C4DC0352-DF13-4CAF-9F48-8311C5245D23}
	EndGlobalSection
	GlobalSection(ExtensibilityGlobals) = postSolution
		SolutionGuid = {0D287010-E22E-4F21-BF78-5D66B084A937}
	EndGlobalSection
EndGlobal
